// !$*UTF8*$!
{
	archiveVersion = 1;
	classes = {
	};
	objectVersion = 56;
	objects = {

/* Begin PBXBuildFile section */
		E920ABAC2D5C547500AF8587 /* KanaKanjiConverterModule in Frameworks */ = {isa = PBXBuildFile; productRef = E920ABAB2D5C547500AF8587 /* KanaKanjiConverterModule */; };
		E920ABAE2D5C547500AF8587 /* KanaKanjiConverterModuleWithDefaultDictionary in Frameworks */ = {isa = PBXBuildFile; productRef = E920ABAD2D5C547500AF8587 /* KanaKanjiConverterModuleWithDefaultDictionary */; };
		E920ABB02D5C547500AF8587 /* SwiftUtils in Frameworks */ = {isa = PBXBuildFile; productRef = E920ABAF2D5C547500AF8587 /* SwiftUtils */; };
		E920ABE92D5C592B00AF8587 /* KanaKanjiConverterModule in Frameworks */ = {isa = PBXBuildFile; productRef = E920ABE82D5C592B00AF8587 /* KanaKanjiConverterModule */; };
		E920ABEB2D5C592B00AF8587 /* KanaKanjiConverterModuleWithDefaultDictionary in Frameworks */ = {isa = PBXBuildFile; productRef = E920ABEA2D5C592B00AF8587 /* KanaKanjiConverterModuleWithDefaultDictionary */; };
		E920ABED2D5C592B00AF8587 /* SwiftUtils in Frameworks */ = {isa = PBXBuildFile; productRef = E920ABEC2D5C592B00AF8587 /* SwiftUtils */; };
		E920ABEF2D5C71B500AF8587 /* KanaKanjiConverterModule in Frameworks */ = {isa = PBXBuildFile; productRef = E920ABEE2D5C71B500AF8587 /* KanaKanjiConverterModule */; };
		E920ABF12D5C71B500AF8587 /* KanaKanjiConverterModuleWithDefaultDictionary in Frameworks */ = {isa = PBXBuildFile; productRef = E920ABF02D5C71B500AF8587 /* KanaKanjiConverterModuleWithDefaultDictionary */; };
		E920ABF32D5C71B500AF8587 /* SwiftUtils in Frameworks */ = {isa = PBXBuildFile; productRef = E920ABF22D5C71B500AF8587 /* SwiftUtils */; };
		E94A73842C2B4B9F0049C3C6 /* TunerApp.swift in Sources */ = {isa = PBXBuildFile; fileRef = E94A73832C2B4B9F0049C3C6 /* TunerApp.swift */; };
		E94A73862C2B4B9F0049C3C6 /* ContentView.swift in Sources */ = {isa = PBXBuildFile; fileRef = E94A73852C2B4B9F0049C3C6 /* ContentView.swift */; };
		E94A73882C2B4B9F0049C3C6 /* Assets.xcassets in Resources */ = {isa = PBXBuildFile; fileRef = E94A73872C2B4B9F0049C3C6 /* Assets.xcassets */; };
		E94A738B2C2B4B9F0049C3C6 /* Preview Assets.xcassets in Resources */ = {isa = PBXBuildFile; fileRef = E94A738A2C2B4B9F0049C3C6 /* Preview Assets.xcassets */; };
		E94A73932C2B4CF90049C3C6 /* AppDelegate.swift in Sources */ = {isa = PBXBuildFile; fileRef = E94A73922C2B4CF90049C3C6 /* AppDelegate.swift */; };
		E952E83D2C318D1000EBF642 /* TextEntry.swift in Sources */ = {isa = PBXBuildFile; fileRef = E952E83C2C318D1000EBF642 /* TextEntry.swift */; };
		E952E8412C318D5C00EBF642 /* TextModel.swift in Sources */ = {isa = PBXBuildFile; fileRef = E952E8402C318D5C00EBF642 /* TextModel.swift */; };
		E9B51DAA2C33B39000523DB0 /* ChartView.swift in Sources */ = {isa = PBXBuildFile; fileRef = E9B51DA92C33B39000523DB0 /* ChartView.swift */; };
		E9B51DAC2C33D13100523DB0 /* MenuView.swift in Sources */ = {isa = PBXBuildFile; fileRef = E9B51DAB2C33D13100523DB0 /* MenuView.swift */; };
		E9CE3D892C37CC7100AF12CE /* TextExtension.swift in Sources */ = {isa = PBXBuildFile; fileRef = E9CE3D882C37CC7100AF12CE /* TextExtension.swift */; };
		E9EB3E9A2C34002C00EA6395 /* ShareData.swift in Sources */ = {isa = PBXBuildFile; fileRef = E9EB3E992C34002C00EA6395 /* ShareData.swift */; };
		E9EB3E9C2C3546A000EA6395 /* SettingsView.swift in Sources */ = {isa = PBXBuildFile; fileRef = E9EB3E9B2C3546A000EA6395 /* SettingsView.swift */; };
		E9EB3E9E2C3546DB00EA6395 /* StatisticsView.swift in Sources */ = {isa = PBXBuildFile; fileRef = E9EB3E9D2C3546DB00EA6395 /* StatisticsView.swift */; };
/* End PBXBuildFile section */

/* Begin PBXFileReference section */
		E94A73802C2B4B9F0049C3C6 /* Tuner.app */ = {isa = PBXFileReference; explicitFileType = wrapper.application; includeInIndex = 0; path = Tuner.app; sourceTree = BUILT_PRODUCTS_DIR; };
		E94A73832C2B4B9F0049C3C6 /* TunerApp.swift */ = {isa = PBXFileReference; lastKnownFileType = sourcecode.swift; path = TunerApp.swift; sourceTree = "<group>"; };
		E94A73852C2B4B9F0049C3C6 /* ContentView.swift */ = {isa = PBXFileReference; lastKnownFileType = sourcecode.swift; path = ContentView.swift; sourceTree = "<group>"; };
		E94A73872C2B4B9F0049C3C6 /* Assets.xcassets */ = {isa = PBXFileReference; lastKnownFileType = folder.assetcatalog; path = Assets.xcassets; sourceTree = "<group>"; };
		E94A738A2C2B4B9F0049C3C6 /* Preview Assets.xcassets */ = {isa = PBXFileReference; lastKnownFileType = folder.assetcatalog; path = "Preview Assets.xcassets"; sourceTree = "<group>"; };
		E94A738C2C2B4B9F0049C3C6 /* Tuner.entitlements */ = {isa = PBXFileReference; lastKnownFileType = text.plist.entitlements; path = Tuner.entitlements; sourceTree = "<group>"; };
		E94A73922C2B4CF90049C3C6 /* AppDelegate.swift */ = {isa = PBXFileReference; lastKnownFileType = sourcecode.swift; path = AppDelegate.swift; sourceTree = "<group>"; };
		E94A73942C2BE6180049C3C6 /* Info.plist */ = {isa = PBXFileReference; lastKnownFileType = text.plist; path = Info.plist; sourceTree = "<group>"; };
		E952E83C2C318D1000EBF642 /* TextEntry.swift */ = {isa = PBXFileReference; lastKnownFileType = sourcecode.swift; path = TextEntry.swift; sourceTree = "<group>"; };
		E952E8402C318D5C00EBF642 /* TextModel.swift */ = {isa = PBXFileReference; lastKnownFileType = sourcecode.swift; path = TextModel.swift; sourceTree = "<group>"; };
		E9B51DA92C33B39000523DB0 /* ChartView.swift */ = {isa = PBXFileReference; lastKnownFileType = sourcecode.swift; path = ChartView.swift; sourceTree = "<group>"; };
		E9B51DAB2C33D13100523DB0 /* MenuView.swift */ = {isa = PBXFileReference; lastKnownFileType = sourcecode.swift; path = MenuView.swift; sourceTree = "<group>"; };
		E9CE3D882C37CC7100AF12CE /* TextExtension.swift */ = {isa = PBXFileReference; lastKnownFileType = sourcecode.swift; path = TextExtension.swift; sourceTree = "<group>"; };
		E9EB3E992C34002C00EA6395 /* ShareData.swift */ = {isa = PBXFileReference; lastKnownFileType = sourcecode.swift; path = ShareData.swift; sourceTree = "<group>"; };
		E9EB3E9B2C3546A000EA6395 /* SettingsView.swift */ = {isa = PBXFileReference; lastKnownFileType = sourcecode.swift; path = SettingsView.swift; sourceTree = "<group>"; };
		E9EB3E9D2C3546DB00EA6395 /* StatisticsView.swift */ = {isa = PBXFileReference; lastKnownFileType = sourcecode.swift; path = StatisticsView.swift; sourceTree = "<group>"; };
/* End PBXFileReference section */

/* Begin PBXFrameworksBuildPhase section */
		E94A737D2C2B4B9F0049C3C6 /* Frameworks */ = {
			isa = PBXFrameworksBuildPhase;
			buildActionMask = 2147483647;
			files = (
				E920ABED2D5C592B00AF8587 /* SwiftUtils in Frameworks */,
				E920ABB02D5C547500AF8587 /* SwiftUtils in Frameworks */,
				E920ABF12D5C71B500AF8587 /* KanaKanjiConverterModuleWithDefaultDictionary in Frameworks */,
				E920ABF32D5C71B500AF8587 /* SwiftUtils in Frameworks */,
				E920ABAE2D5C547500AF8587 /* KanaKanjiConverterModuleWithDefaultDictionary in Frameworks */,
				E920ABE92D5C592B00AF8587 /* KanaKanjiConverterModule in Frameworks */,
				E920ABEF2D5C71B500AF8587 /* KanaKanjiConverterModule in Frameworks */,
				E920ABAC2D5C547500AF8587 /* KanaKanjiConverterModule in Frameworks */,
				E920ABEB2D5C592B00AF8587 /* KanaKanjiConverterModuleWithDefaultDictionary in Frameworks */,
			);
			runOnlyForDeploymentPostprocessing = 0;
		};
/* End PBXFrameworksBuildPhase section */

/* Begin PBXGroup section */
		E94A73772C2B4B9F0049C3C6 = {
			isa = PBXGroup;
			children = (
				E94A73822C2B4B9F0049C3C6 /* Tuner */,
				E94A73812C2B4B9F0049C3C6 /* Products */,
			);
			sourceTree = "<group>";
		};
		E94A73812C2B4B9F0049C3C6 /* Products */ = {
			isa = PBXGroup;
			children = (
				E94A73802C2B4B9F0049C3C6 /* Tuner.app */,
			);
			name = Products;
			sourceTree = "<group>";
		};
		E94A73822C2B4B9F0049C3C6 /* Tuner */ = {
			isa = PBXGroup;
			children = (
				E9CE3D872C37CC6300AF12CE /* Utils */,
				E94A73832C2B4B9F0049C3C6 /* TunerApp.swift */,
				E94A73922C2B4CF90049C3C6 /* AppDelegate.swift */,
				E952E83F2C318D3200EBF642 /* View */,
				E952E83E2C318D1700EBF642 /* Model */,
				E94A73942C2BE6180049C3C6 /* Info.plist */,
				E94A73872C2B4B9F0049C3C6 /* Assets.xcassets */,
				E94A738C2C2B4B9F0049C3C6 /* Tuner.entitlements */,
				E94A73892C2B4B9F0049C3C6 /* Preview Content */,
			);
			path = Tuner;
			sourceTree = "<group>";
		};
		E94A73892C2B4B9F0049C3C6 /* Preview Content */ = {
			isa = PBXGroup;
			children = (
				E94A738A2C2B4B9F0049C3C6 /* Preview Assets.xcassets */,
			);
			path = "Preview Content";
			sourceTree = "<group>";
		};
		E952E83E2C318D1700EBF642 /* Model */ = {
			isa = PBXGroup;
			children = (
				E952E83C2C318D1000EBF642 /* TextEntry.swift */,
				E952E8402C318D5C00EBF642 /* TextModel.swift */,
				E9EB3E992C34002C00EA6395 /* ShareData.swift */,
			);
			path = Model;
			sourceTree = "<group>";
		};
		E952E83F2C318D3200EBF642 /* View */ = {
			isa = PBXGroup;
			children = (
				E94A73852C2B4B9F0049C3C6 /* ContentView.swift */,
				E9B51DA92C33B39000523DB0 /* ChartView.swift */,
				E9B51DAB2C33D13100523DB0 /* MenuView.swift */,
				E9EB3E9B2C3546A000EA6395 /* SettingsView.swift */,
				E9EB3E9D2C3546DB00EA6395 /* StatisticsView.swift */,
			);
			path = View;
			sourceTree = "<group>";
		};
		E9CE3D872C37CC6300AF12CE /* Utils */ = {
			isa = PBXGroup;
			children = (
				E9CE3D882C37CC7100AF12CE /* TextExtension.swift */,
			);
			path = Utils;
			sourceTree = "<group>";
		};
/* End PBXGroup section */

/* Begin PBXNativeTarget section */
		E94A737F2C2B4B9F0049C3C6 /* Tuner */ = {
			isa = PBXNativeTarget;
			buildConfigurationList = E94A738F2C2B4B9F0049C3C6 /* Build configuration list for PBXNativeTarget "Tuner" */;
			buildPhases = (
				E94A737C2C2B4B9F0049C3C6 /* Sources */,
				E94A737D2C2B4B9F0049C3C6 /* Frameworks */,
				E94A737E2C2B4B9F0049C3C6 /* Resources */,
			);
			buildRules = (
			);
			dependencies = (
			);
			name = Tuner;
			productName = Tuner;
			productReference = E94A73802C2B4B9F0049C3C6 /* Tuner.app */;
			productType = "com.apple.product-type.application";
		};
/* End PBXNativeTarget section */

/* Begin PBXProject section */
		E94A73782C2B4B9F0049C3C6 /* Project object */ = {
			isa = PBXProject;
			attributes = {
				BuildIndependentTargetsInParallel = 1;
				LastSwiftUpdateCheck = 1540;
				LastUpgradeCheck = 1540;
				TargetAttributes = {
					E94A737F2C2B4B9F0049C3C6 = {
						CreatedOnToolsVersion = 15.4;
					};
				};
			};
			buildConfigurationList = E94A737B2C2B4B9F0049C3C6 /* Build configuration list for PBXProject "Tuner" */;
			compatibilityVersion = "Xcode 14.0";
			developmentRegion = en;
			hasScannedForEncodings = 0;
			knownRegions = (
				en,
				Base,
			);
			mainGroup = E94A73772C2B4B9F0049C3C6;
			packageReferences = (
				E920ABAA2D5C547500AF8587 /* XCRemoteSwiftPackageReference "AzooKeyKanaKanjiConverter" */,
			);
			productRefGroup = E94A73812C2B4B9F0049C3C6 /* Products */;
			projectDirPath = "";
			projectRoot = "";
			targets = (
				E94A737F2C2B4B9F0049C3C6 /* Tuner */,
			);
		};
/* End PBXProject section */

/* Begin PBXResourcesBuildPhase section */
		E94A737E2C2B4B9F0049C3C6 /* Resources */ = {
			isa = PBXResourcesBuildPhase;
			buildActionMask = 2147483647;
			files = (
				E94A738B2C2B4B9F0049C3C6 /* Preview Assets.xcassets in Resources */,
				E94A73882C2B4B9F0049C3C6 /* Assets.xcassets in Resources */,
			);
			runOnlyForDeploymentPostprocessing = 0;
		};
/* End PBXResourcesBuildPhase section */

/* Begin PBXSourcesBuildPhase section */
		E94A737C2C2B4B9F0049C3C6 /* Sources */ = {
			isa = PBXSourcesBuildPhase;
			buildActionMask = 2147483647;
			files = (
				E9B51DAC2C33D13100523DB0 /* MenuView.swift in Sources */,
				E94A73932C2B4CF90049C3C6 /* AppDelegate.swift in Sources */,
				E952E8412C318D5C00EBF642 /* TextModel.swift in Sources */,
				E9EB3E9C2C3546A000EA6395 /* SettingsView.swift in Sources */,
				E9EB3E9E2C3546DB00EA6395 /* StatisticsView.swift in Sources */,
				E952E83D2C318D1000EBF642 /* TextEntry.swift in Sources */,
				E94A73862C2B4B9F0049C3C6 /* ContentView.swift in Sources */,
				E9CE3D892C37CC7100AF12CE /* TextExtension.swift in Sources */,
				E94A73842C2B4B9F0049C3C6 /* TunerApp.swift in Sources */,
				E9B51DAA2C33B39000523DB0 /* ChartView.swift in Sources */,
				E9EB3E9A2C34002C00EA6395 /* ShareData.swift in Sources */,
			);
			runOnlyForDeploymentPostprocessing = 0;
		};
/* End PBXSourcesBuildPhase section */

/* Begin XCBuildConfiguration section */
		E94A738D2C2B4B9F0049C3C6 /* Debug */ = {
			isa = XCBuildConfiguration;
			buildSettings = {
				ALWAYS_SEARCH_USER_PATHS = NO;
				ASSETCATALOG_COMPILER_GENERATE_SWIFT_ASSET_SYMBOL_EXTENSIONS = YES;
				CLANG_ANALYZER_NONNULL = YES;
				CLANG_ANALYZER_NUMBER_OBJECT_CONVERSION = YES_AGGRESSIVE;
				CLANG_CXX_LANGUAGE_STANDARD = "gnu++20";
				CLANG_ENABLE_MODULES = YES;
				CLANG_ENABLE_OBJC_ARC = YES;
				CLANG_ENABLE_OBJC_WEAK = YES;
				CLANG_WARN_BLOCK_CAPTURE_AUTORELEASING = YES;
				CLANG_WARN_BOOL_CONVERSION = YES;
				CLANG_WARN_COMMA = YES;
				CLANG_WARN_CONSTANT_CONVERSION = YES;
				CLANG_WARN_DEPRECATED_OBJC_IMPLEMENTATIONS = YES;
				CLANG_WARN_DIRECT_OBJC_ISA_USAGE = YES_ERROR;
				CLANG_WARN_DOCUMENTATION_COMMENTS = YES;
				CLANG_WARN_EMPTY_BODY = YES;
				CLANG_WARN_ENUM_CONVERSION = YES;
				CLANG_WARN_INFINITE_RECURSION = YES;
				CLANG_WARN_INT_CONVERSION = YES;
				CLANG_WARN_NON_LITERAL_NULL_CONVERSION = YES;
				CLANG_WARN_OBJC_IMPLICIT_RETAIN_SELF = YES;
				CLANG_WARN_OBJC_LITERAL_CONVERSION = YES;
				CLANG_WARN_OBJC_ROOT_CLASS = YES_ERROR;
				CLANG_WARN_QUOTED_INCLUDE_IN_FRAMEWORK_HEADER = YES;
				CLANG_WARN_RANGE_LOOP_ANALYSIS = YES;
				CLANG_WARN_STRICT_PROTOTYPES = YES;
				CLANG_WARN_SUSPICIOUS_MOVE = YES;
				CLANG_WARN_UNGUARDED_AVAILABILITY = YES_AGGRESSIVE;
				CLANG_WARN_UNREACHABLE_CODE = YES;
				CLANG_WARN__DUPLICATE_METHOD_MATCH = YES;
				COPY_PHASE_STRIP = NO;
				DEBUG_INFORMATION_FORMAT = dwarf;
				ENABLE_STRICT_OBJC_MSGSEND = YES;
				ENABLE_TESTABILITY = YES;
				ENABLE_USER_SCRIPT_SANDBOXING = YES;
				GCC_C_LANGUAGE_STANDARD = gnu17;
				GCC_DYNAMIC_NO_PIC = NO;
				GCC_NO_COMMON_BLOCKS = YES;
				GCC_OPTIMIZATION_LEVEL = 0;
				GCC_PREPROCESSOR_DEFINITIONS = (
					"DEBUG=1",
					"$(inherited)",
				);
				GCC_WARN_64_TO_32_BIT_CONVERSION = YES;
				GCC_WARN_ABOUT_RETURN_TYPE = YES_ERROR;
				GCC_WARN_UNDECLARED_SELECTOR = YES;
				GCC_WARN_UNINITIALIZED_AUTOS = YES_AGGRESSIVE;
				GCC_WARN_UNUSED_FUNCTION = YES;
				GCC_WARN_UNUSED_VARIABLE = YES;
				LOCALIZATION_PREFERS_STRING_CATALOGS = YES;
				MACOSX_DEPLOYMENT_TARGET = 14.5;
				MTL_ENABLE_DEBUG_INFO = INCLUDE_SOURCE;
				MTL_FAST_MATH = YES;
				ONLY_ACTIVE_ARCH = YES;
				SDKROOT = macosx;
				SWIFT_ACTIVE_COMPILATION_CONDITIONS = "DEBUG $(inherited)";
				SWIFT_OPTIMIZATION_LEVEL = "-Onone";
			};
			name = Debug;
		};
		E94A738E2C2B4B9F0049C3C6 /* Release */ = {
			isa = XCBuildConfiguration;
			buildSettings = {
				ALWAYS_SEARCH_USER_PATHS = NO;
				ASSETCATALOG_COMPILER_GENERATE_SWIFT_ASSET_SYMBOL_EXTENSIONS = YES;
				CLANG_ANALYZER_NONNULL = YES;
				CLANG_ANALYZER_NUMBER_OBJECT_CONVERSION = YES_AGGRESSIVE;
				CLANG_CXX_LANGUAGE_STANDARD = "gnu++20";
				CLANG_ENABLE_MODULES = YES;
				CLANG_ENABLE_OBJC_ARC = YES;
				CLANG_ENABLE_OBJC_WEAK = YES;
				CLANG_WARN_BLOCK_CAPTURE_AUTORELEASING = YES;
				CLANG_WARN_BOOL_CONVERSION = YES;
				CLANG_WARN_COMMA = YES;
				CLANG_WARN_CONSTANT_CONVERSION = YES;
				CLANG_WARN_DEPRECATED_OBJC_IMPLEMENTATIONS = YES;
				CLANG_WARN_DIRECT_OBJC_ISA_USAGE = YES_ERROR;
				CLANG_WARN_DOCUMENTATION_COMMENTS = YES;
				CLANG_WARN_EMPTY_BODY = YES;
				CLANG_WARN_ENUM_CONVERSION = YES;
				CLANG_WARN_INFINITE_RECURSION = YES;
				CLANG_WARN_INT_CONVERSION = YES;
				CLANG_WARN_NON_LITERAL_NULL_CONVERSION = YES;
				CLANG_WARN_OBJC_IMPLICIT_RETAIN_SELF = YES;
				CLANG_WARN_OBJC_LITERAL_CONVERSION = YES;
				CLANG_WARN_OBJC_ROOT_CLASS = YES_ERROR;
				CLANG_WARN_QUOTED_INCLUDE_IN_FRAMEWORK_HEADER = YES;
				CLANG_WARN_RANGE_LOOP_ANALYSIS = YES;
				CLANG_WARN_STRICT_PROTOTYPES = YES;
				CLANG_WARN_SUSPICIOUS_MOVE = YES;
				CLANG_WARN_UNGUARDED_AVAILABILITY = YES_AGGRESSIVE;
				CLANG_WARN_UNREACHABLE_CODE = YES;
				CLANG_WARN__DUPLICATE_METHOD_MATCH = YES;
				COPY_PHASE_STRIP = NO;
				DEBUG_INFORMATION_FORMAT = "dwarf-with-dsym";
				ENABLE_NS_ASSERTIONS = NO;
				ENABLE_STRICT_OBJC_MSGSEND = YES;
				ENABLE_USER_SCRIPT_SANDBOXING = YES;
				GCC_C_LANGUAGE_STANDARD = gnu17;
				GCC_NO_COMMON_BLOCKS = YES;
				GCC_WARN_64_TO_32_BIT_CONVERSION = YES;
				GCC_WARN_ABOUT_RETURN_TYPE = YES_ERROR;
				GCC_WARN_UNDECLARED_SELECTOR = YES;
				GCC_WARN_UNINITIALIZED_AUTOS = YES_AGGRESSIVE;
				GCC_WARN_UNUSED_FUNCTION = YES;
				GCC_WARN_UNUSED_VARIABLE = YES;
				LOCALIZATION_PREFERS_STRING_CATALOGS = YES;
				MACOSX_DEPLOYMENT_TARGET = 14.5;
				MTL_ENABLE_DEBUG_INFO = NO;
				MTL_FAST_MATH = YES;
				SDKROOT = macosx;
				SWIFT_COMPILATION_MODE = wholemodule;
			};
			name = Release;
		};
		E94A73902C2B4B9F0049C3C6 /* Debug */ = {
			isa = XCBuildConfiguration;
			buildSettings = {
				ASSETCATALOG_COMPILER_APPICON_NAME = AppIcon;
				ASSETCATALOG_COMPILER_GLOBAL_ACCENT_COLOR_NAME = AccentColor;
				CODE_SIGN_ENTITLEMENTS = Tuner/Tuner.entitlements;
				"CODE_SIGN_IDENTITY[sdk=macosx*]" = "Apple Development";
				CODE_SIGN_STYLE = Automatic;
				COMBINE_HIDPI_IMAGES = YES;
				CURRENT_PROJECT_VERSION = 1;
				DEVELOPMENT_ASSET_PATHS = "\"Tuner/Preview Content\"";
				DEVELOPMENT_TEAM = 9S3UXHYP65;
				ENABLE_HARDENED_RUNTIME = YES;
				ENABLE_PREVIEWS = YES;
				GENERATE_INFOPLIST_FILE = YES;
				INFOPLIST_FILE = Tuner/Info.plist;
				INFOPLIST_KEY_CFBundleDisplayName = ContextHarvester;
				INFOPLIST_KEY_LSUIElement = YES;
				INFOPLIST_KEY_NSHumanReadableCopyright = "";
				LD_RUNPATH_SEARCH_PATHS = (
					"$(inherited)",
					"@executable_path/../Frameworks",
				);
				MARKETING_VERSION = 1.0;
				PRODUCT_BUNDLE_IDENTIFIER = dev.ensan.tuner.azooKeyMac;
				PRODUCT_NAME = "$(TARGET_NAME)";
				SWIFT_EMIT_LOC_STRINGS = YES;
				SWIFT_OBJC_INTEROP_MODE = objcxx;
				SWIFT_VERSION = 5.0;
			};
			name = Debug;
		};
		E94A73912C2B4B9F0049C3C6 /* Release */ = {
			isa = XCBuildConfiguration;
			buildSettings = {
				ASSETCATALOG_COMPILER_APPICON_NAME = AppIcon;
				ASSETCATALOG_COMPILER_GLOBAL_ACCENT_COLOR_NAME = AccentColor;
				CODE_SIGN_ENTITLEMENTS = Tuner/Tuner.entitlements;
				"CODE_SIGN_IDENTITY[sdk=macosx*]" = "Apple Development";
				CODE_SIGN_STYLE = Automatic;
				COMBINE_HIDPI_IMAGES = YES;
				CURRENT_PROJECT_VERSION = 1;
				DEVELOPMENT_ASSET_PATHS = "\"Tuner/Preview Content\"";
				DEVELOPMENT_TEAM = 9S3UXHYP65;
				ENABLE_HARDENED_RUNTIME = YES;
				ENABLE_PREVIEWS = YES;
				GENERATE_INFOPLIST_FILE = YES;
				INFOPLIST_FILE = Tuner/Info.plist;
				INFOPLIST_KEY_CFBundleDisplayName = ContextHarvester;
				INFOPLIST_KEY_LSUIElement = YES;
				INFOPLIST_KEY_NSHumanReadableCopyright = "";
				LD_RUNPATH_SEARCH_PATHS = (
					"$(inherited)",
					"@executable_path/../Frameworks",
				);
				MARKETING_VERSION = 1.0;
				PRODUCT_BUNDLE_IDENTIFIER = dev.ensan.tuner.azooKeyMac;
				PRODUCT_NAME = "$(TARGET_NAME)";
				SWIFT_EMIT_LOC_STRINGS = YES;
				SWIFT_OBJC_INTEROP_MODE = objcxx;
				SWIFT_VERSION = 5.0;
			};
			name = Release;
		};
/* End XCBuildConfiguration section */

/* Begin XCConfigurationList section */
		E94A737B2C2B4B9F0049C3C6 /* Build configuration list for PBXProject "Tuner" */ = {
			isa = XCConfigurationList;
			buildConfigurations = (
				E94A738D2C2B4B9F0049C3C6 /* Debug */,
				E94A738E2C2B4B9F0049C3C6 /* Release */,
			);
			defaultConfigurationIsVisible = 0;
			defaultConfigurationName = Release;
		};
		E94A738F2C2B4B9F0049C3C6 /* Build configuration list for PBXNativeTarget "Tuner" */ = {
			isa = XCConfigurationList;
			buildConfigurations = (
				E94A73902C2B4B9F0049C3C6 /* Debug */,
				E94A73912C2B4B9F0049C3C6 /* Release */,
			);
			defaultConfigurationIsVisible = 0;
			defaultConfigurationName = Release;
		};
/* End XCConfigurationList section */

/* Begin XCRemoteSwiftPackageReference section */
		E920ABAA2D5C547500AF8587 /* XCRemoteSwiftPackageReference "AzooKeyKanaKanjiConverter" */ = {
			isa = XCRemoteSwiftPackageReference;
			repositoryURL = "https://github.com/ensan-hcl/AzooKeyKanaKanjiConverter";
			requirement = {
				branch = develop;
				kind = branch;
			};
		};
/* End XCRemoteSwiftPackageReference section */

/* Begin XCSwiftPackageProductDependency section */
		E920ABAB2D5C547500AF8587 /* KanaKanjiConverterModule */ = {
			isa = XCSwiftPackageProductDependency;
			package = E920ABAA2D5C547500AF8587 /* XCRemoteSwiftPackageReference "AzooKeyKanaKanjiConverter" */;
			productName = KanaKanjiConverterModule;
		};
		E920ABAD2D5C547500AF8587 /* KanaKanjiConverterModuleWithDefaultDictionary */ = {
			isa = XCSwiftPackageProductDependency;
			package = E920ABAA2D5C547500AF8587 /* XCRemoteSwiftPackageReference "AzooKeyKanaKanjiConverter" */;
			productName = KanaKanjiConverterModuleWithDefaultDictionary;
		};
		E920ABAF2D5C547500AF8587 /* SwiftUtils */ = {
			isa = XCSwiftPackageProductDependency;
			package = E920ABAA2D5C547500AF8587 /* XCRemoteSwiftPackageReference "AzooKeyKanaKanjiConverter" */;
			productName = SwiftUtils;
		};
		E920ABE82D5C592B00AF8587 /* KanaKanjiConverterModule */ = {
			isa = XCSwiftPackageProductDependency;
			productName = KanaKanjiConverterModule;
		};
		E920ABEA2D5C592B00AF8587 /* KanaKanjiConverterModuleWithDefaultDictionary */ = {
			isa = XCSwiftPackageProductDependency;
			productName = KanaKanjiConverterModuleWithDefaultDictionary;
		};
		E920ABEC2D5C592B00AF8587 /* SwiftUtils */ = {
			isa = XCSwiftPackageProductDependency;
			productName = SwiftUtils;
		};
		E920ABEE2D5C71B500AF8587 /* KanaKanjiConverterModule */ = {
			isa = XCSwiftPackageProductDependency;
			productName = KanaKanjiConverterModule;
		};
		E920ABF02D5C71B500AF8587 /* KanaKanjiConverterModuleWithDefaultDictionary */ = {
			isa = XCSwiftPackageProductDependency;
			productName = KanaKanjiConverterModuleWithDefaultDictionary;
		};
		E920ABF22D5C71B500AF8587 /* SwiftUtils */ = {
			isa = XCSwiftPackageProductDependency;
			productName = SwiftUtils;
		};
/* End XCSwiftPackageProductDependency section */
	};
	rootObject = E94A73782C2B4B9F0049C3C6 /* Project object */;
}
